
Microsoft Visual Studio Solution File, Format Version 12.00
# Visual Studio Version 16
VisualStudioVersion = 16.0.35425.106
MinimumVisualStudioVersion = 10.0.40219.1
Project("{FAE04EC0-301F-11D3-BF4B-00C04F79EFBC}") = "market_miniproject", "market_miniproject\market_miniproject.csproj", "{E74DDF28-AD42-4B16-A3CD-7353800D0330}"
EndProject
Global
	GlobalSection(SolutionConfigurationPlatforms) = preSolution
		Debug|Any CPU = Debug|Any CPU
		Release|Any CPU = Release|Any CPU
	EndGlobalSection
	GlobalSection(ProjectConfigurationPlatforms) = postSolution
		{E74DDF28-AD42-4B16-A3CD-7353800D0330}.Debug|Any CPU.ActiveCfg = Debug|Any CPU
		{E74DDF28-AD42-4B16-A3CD-7353800D0330}.Debug|Any CPU.Build.0 = Debug|Any CPU
		{E74DDF28-AD42-4B16-A3CD-7353800D0330}.Debug|Any CPU.Deploy.0 = Debug|Any CPU
		{E74DDF28-AD42-4B16-A3CD-7353800D0330}.Release|Any CPU.ActiveCfg = Release|Any CPU
		{E74DDF28-AD42-4B16-A3CD-7353800D0330}.Release|Any CPU.Build.0 = Release|Any CPU
		{E74DDF28-AD42-4B16-A3CD-7353800D0330}.Release|Any CPU.Deploy.0 = Release|Any CPU
	EndGlobalSection
	GlobalSection(SolutionProperties) = preSolution
		HideSolutionNode = FALSE
	EndGlobalSection
	GlobalSection(ExtensibilityGlobals) = postSolution
		SolutionGuid = {ADE07C10-24B2-4551-A01E-E718BFF5F34A}
	EndGlobalSection
EndGlobal
